
Microsoft Visual Studio Solution File, Format Version 12.00
# Visual Studio Version 16
VisualStudioVersion = 16.0.31019.35
MinimumVisualStudioVersion = 10.0.40219.1
Project("{FAE04EC0-301F-11D3-BF4B-00C04F79EFBC}") = "Entitiy", "Entitiy\Entitiy.csproj", "{608A6895-C528-48D0-9A18-2B99306BAB8B}"
EndProject
Project("{FAE04EC0-301F-11D3-BF4B-00C04F79EFBC}") = "DataAccess", "DataAccess\DataAccess.csproj", "{029B274D-94C6-47DE-A750-45669CD3E079}"
EndProject
Project("{FAE04EC0-301F-11D3-BF4B-00C04F79EFBC}") = "Business", "Business\Business.csproj", "{C9143658-01D4-409D-AB13-A052ADC49470}"
EndProject
Project("{FAE04EC0-301F-11D3-BF4B-00C04F79EFBC}") = "ConsoleUI", "ConsoleUI\ConsoleUI.csproj", "{390E399E-D019-4256-A5F1-DAB79B004EC8}"
EndProject
Global
	GlobalSection(SolutionConfigurationPlatforms) = preSolution
		Debug|Any CPU = Debug|Any CPU
		Release|Any CPU = Release|Any CPU
	EndGlobalSection
	GlobalSection(ProjectConfigurationPlatforms) = postSolution
		{608A6895-C528-48D0-9A18-2B99306BAB8B}.Debug|Any CPU.ActiveCfg = Debug|Any CPU
		{608A6895-C528-48D0-9A18-2B99306BAB8B}.Debug|Any CPU.Build.0 = Debug|Any CPU
		{608A6895-C528-48D0-9A18-2B99306BAB8B}.Release|Any CPU.ActiveCfg = Release|Any CPU
		{608A6895-C528-48D0-9A18-2B99306BAB8B}.Release|Any CPU.Build.0 = Release|Any CPU
		{029B274D-94C6-47DE-A750-45669CD3E079}.Debug|Any CPU.ActiveCfg = Debug|Any CPU
		{029B274D-94C6-47DE-A750-45669CD3E079}.Debug|Any CPU.Build.0 = Debug|Any CPU
		{029B274D-94C6-47DE-A750-45669CD3E079}.Release|Any CPU.ActiveCfg = Release|Any CPU
		{029B274D-94C6-47DE-A750-45669CD3E079}.Release|Any CPU.Build.0 = Release|Any CPU
		{C9143658-01D4-409D-AB13-A052ADC49470}.Debug|Any CPU.ActiveCfg = Debug|Any CPU
		{C9143658-01D4-409D-AB13-A052ADC49470}.Debug|Any CPU.Build.0 = Debug|Any CPU
		{C9143658-01D4-409D-AB13-A052ADC49470}.Release|Any CPU.ActiveCfg = Release|Any CPU
		{C9143658-01D4-409D-AB13-A052ADC49470}.Release|Any CPU.Build.0 = Release|Any CPU
		{390E399E-D019-4256-A5F1-DAB79B004EC8}.Debug|Any CPU.ActiveCfg = Debug|Any CPU
		{390E399E-D019-4256-A5F1-DAB79B004EC8}.Debug|Any CPU.Build.0 = Debug|Any CPU
		{390E399E-D019-4256-A5F1-DAB79B004EC8}.Release|Any CPU.ActiveCfg = Release|Any CPU
		{390E399E-D019-4256-A5F1-DAB79B004EC8}.Release|Any CPU.Build.0 = Release|Any CPU
	EndGlobalSection
	GlobalSection(SolutionProperties) = preSolution
		HideSolutionNode = FALSE
	EndGlobalSection
	GlobalSection(ExtensibilityGlobals) = postSolution
		SolutionGuid = {1B14F5B5-499E-41D8-8934-18B2906E78A6}
	EndGlobalSection
EndGlobal
